{
  "version": 4,
  "terraform_version": "1.7.0",
  "serial": 1139,
  "lineage": "b271c097-6e06-0277-796f-9d8f37d42f21",
  "outputs": {
    "bastion": {
      "value": "10.4.1.40",
      "type": "string"
    },
    "bastion_nat": {
      "value": "51.250.37.205",
      "type": "string"
    },
    "elasticsearch-vm": {
      "value": "10.3.1.33",
      "type": "string"
    },
    "kibana": {
      "value": "10.4.1.7",
      "type": "string"
    },
    "kibana-nat": {
      "value": "51.250.44.202",
      "type": "string"
    },
    "load_balancer_pub": {
      "value": [
        {
          "address": "158.160.132.201"
        }
      ],
      "type": [
        "list",
        [
          "object",
          {
            "address": "string"
          }
        ]
      ]
    },
    "webserver-1": {
      "value": "10.1.1.10",
      "type": "string"
    },
    "webserver-2": {
      "value": "10.2.1.20",
      "type": "string"
    },
    "zabbix": {
      "value": "10.3.1.30",
      "type": "string"
    },
    "zabbix_nat": {
      "value": "51.250.43.179",
      "type": "string"
    }
  },
  "resources": [
    {
      "mode": "managed",
      "type": "yandex_alb_backend_group",
      "name": "backend-group",
      "provider": "provider[\"registry.terraform.io/yandex-cloud/yandex\"]",
      "instances": [
        {
          "schema_version": 0,
          "attributes": {
            "created_at": "2024-02-05T06:33:44Z",
            "description": "",
            "folder_id": "b1gss7e1koufa785niis",
            "grpc_backend": [],
            "http_backend": [
              {
                "healthcheck": [
                  {
                    "grpc_healthcheck": [],
                    "healthcheck_port": 0,
                    "healthy_threshold": 10,
                    "http_healthcheck": [
                      {
                        "host": "",
                        "http2": false,
                        "path": "/"
                      }
                    ],
                    "interval": "3s",
                    "interval_jitter_percent": 0,
                    "stream_healthcheck": [],
                    "timeout": "10s",
                    "unhealthy_threshold": 15
                  }
                ],
                "http2": false,
                "load_balancing_config": [
                  {
                    "locality_aware_routing_percent": 0,
                    "mode": "ROUND_ROBIN",
                    "panic_threshold": 90,
                    "strict_locality": false
                  }
                ],
                "name": "backend",
                "port": 80,
                "storage_bucket": "",
                "target_group_ids": [
                  "ds7cdrhlml7oe8h73gd5"
                ],
                "tls": [],
                "weight": 1
              }
            ],
            "id": "ds7fasgbb98ir8vfl7vf",
            "labels": {},
            "name": "backend-group",
            "session_affinity": [],
            "stream_backend": [],
            "timeouts": null
          },
          "sensitive_attributes": [],
          "private": "eyJlMmJmYjczMC1lY2FhLTExZTYtOGY4OC0zNDM2M2JjN2M0YzAiOnsiY3JlYXRlIjozMDAwMDAwMDAwMDAsImRlbGV0ZSI6MzAwMDAwMDAwMDAwLCJ1cGRhdGUiOjMwMDAwMDAwMDAwMH19",
          "dependencies": [
            "yandex_alb_target_group.tg-group",
            "yandex_compute_instance.web-vm-1",
            "yandex_compute_instance.web-vm-2",
            "yandex_vpc_gateway.nat_gateway",
            "yandex_vpc_network.network-diplom",
            "yandex_vpc_route_table.route_table",
            "yandex_vpc_security_group.filebeat-sg",
            "yandex_vpc_security_group.nginx-sg",
            "yandex_vpc_security_group.ssh-access-local",
            "yandex_vpc_subnet.private-1",
            "yandex_vpc_subnet.private-2"
          ]
        }
      ]
    },
    {
      "mode": "managed",
      "type": "yandex_alb_http_router",
      "name": "router",
      "provider": "provider[\"registry.terraform.io/yandex-cloud/yandex\"]",
      "instances": [
        {
          "schema_version": 0,
          "attributes": {
            "created_at": "2024-02-05T06:32:43Z",
            "description": "",
            "folder_id": "b1gss7e1koufa785niis",
            "id": "ds7ac19va6jbf9poep4u",
            "labels": {},
            "name": "router",
            "route_options": [],
            "timeouts": null
          },
          "sensitive_attributes": [],
          "private": "eyJlMmJmYjczMC1lY2FhLTExZTYtOGY4OC0zNDM2M2JjN2M0YzAiOnsiY3JlYXRlIjozMDAwMDAwMDAwMDAsImRlbGV0ZSI6MzAwMDAwMDAwMDAwLCJ1cGRhdGUiOjMwMDAwMDAwMDAwMH19"
        }
      ]
    },
    {
      "mode": "managed",
      "type": "yandex_alb_load_balancer",
      "name": "load-balancer",
      "provider": "provider[\"registry.terraform.io/yandex-cloud/yandex\"]",
      "instances": [
        {
          "schema_version": 0,
          "attributes": {
            "allocation_policy": [
              {
                "location": [
                  {
                    "disable_traffic": false,
                    "subnet_id": "e2lr1vvm5332kv77vkjl",
                    "zone_id": "ru-central1-b"
                  },
                  {
                    "disable_traffic": false,
                    "subnet_id": "e9bhdtkd2akmh35b87hn",
                    "zone_id": "ru-central1-a"
                  }
                ]
              }
            ],
            "created_at": "2024-02-05T06:32:50Z",
            "description": "",
            "folder_id": "b1gss7e1koufa785niis",
            "id": "ds77daafmu4ti9koqkqt",
            "labels": {},
            "listener": [
              {
                "endpoint": [
                  {
                    "address": [
                      {
                        "external_ipv4_address": [
                          {
                            "address": "158.160.132.201"
                          }
                        ],
                        "external_ipv6_address": [],
                        "internal_ipv4_address": []
                      }
                    ],
                    "ports": [
                      80
                    ]
                  }
                ],
                "http": [
                  {
                    "handler": [
                      {
                        "allow_http10": false,
                        "http2_options": [],
                        "http_router_id": "ds7ac19va6jbf9poep4u",
                        "rewrite_request_id": false
                      }
                    ],
                    "redirects": []
                  }
                ],
                "name": "listener-1",
                "stream": [],
                "tls": []
              }
            ],
            "log_group_id": "",
            "log_options": [],
            "name": "load-balancer",
            "network_id": "enpl6punjq1pengjspfd",
            "region_id": "",
            "security_group_ids": [
              "enp5pgqrag67a9fhl8lk"
            ],
            "status": "active",
            "timeouts": null
          },
          "sensitive_attributes": [],
          "private": "eyJlMmJmYjczMC1lY2FhLTExZTYtOGY4OC0zNDM2M2JjN2M0YzAiOnsiY3JlYXRlIjo2MDAwMDAwMDAwMDAsImRlbGV0ZSI6NjAwMDAwMDAwMDAwLCJ1cGRhdGUiOjYwMDAwMDAwMDAwMH19",
          "dependencies": [
            "yandex_alb_http_router.router",
            "yandex_vpc_gateway.nat_gateway",
            "yandex_vpc_network.network-diplom",
            "yandex_vpc_route_table.route_table",
            "yandex_vpc_security_group.balancer-sg",
            "yandex_vpc_subnet.private-1",
            "yandex_vpc_subnet.private-2"
          ]
        }
      ]
    },
    {
      "mode": "managed",
      "type": "yandex_alb_target_group",
      "name": "tg-group",
      "provider": "provider[\"registry.terraform.io/yandex-cloud/yandex\"]",
      "instances": [
        {
          "schema_version": 0,
          "attributes": {
            "created_at": "2024-02-05T06:33:43Z",
            "description": "",
            "folder_id": "b1gss7e1koufa785niis",
            "id": "ds7cdrhlml7oe8h73gd5",
            "labels": {},
            "name": "tg-group",
            "target": [
              {
                "ip_address": "10.1.1.10",
                "private_ipv4_address": false,
                "subnet_id": "e9bhdtkd2akmh35b87hn"
              },
              {
                "ip_address": "10.2.1.20",
                "private_ipv4_address": false,
                "subnet_id": "e2lr1vvm5332kv77vkjl"
              }
            ],
            "timeouts": null
          },
          "sensitive_attributes": [],
          "private": "eyJlMmJmYjczMC1lY2FhLTExZTYtOGY4OC0zNDM2M2JjN2M0YzAiOnsiY3JlYXRlIjozMDAwMDAwMDAwMDAsImRlbGV0ZSI6MzAwMDAwMDAwMDAwLCJ1cGRhdGUiOjMwMDAwMDAwMDAwMH19",
          "dependencies": [
            "yandex_compute_instance.web-vm-1",
            "yandex_compute_instance.web-vm-2",
            "yandex_vpc_gateway.nat_gateway",
            "yandex_vpc_network.network-diplom",
            "yandex_vpc_route_table.route_table",
            "yandex_vpc_security_group.filebeat-sg",
            "yandex_vpc_security_group.nginx-sg",
            "yandex_vpc_security_group.ssh-access-local",
            "yandex_vpc_subnet.private-1",
            "yandex_vpc_subnet.private-2"
          ]
        }
      ]
    },
    {
      "mode": "managed",
      "type": "yandex_alb_virtual_host",
      "name": "router-host",
      "provider": "provider[\"registry.terraform.io/yandex-cloud/yandex\"]",
      "instances": [
        {
          "schema_version": 0,
          "attributes": {
            "authority": [],
            "http_router_id": "ds7ac19va6jbf9poep4u",
            "id": "ds7ac19va6jbf9poep4u/router-host",
            "modify_request_headers": [],
            "modify_response_headers": [],
            "name": "router-host",
            "route": [
              {
                "grpc_route": [],
                "http_route": [
                  {
                    "direct_response_action": [],
                    "http_match": [
                      {
                        "http_method": [],
                        "path": [
                          {
                            "exact": "",
                            "prefix": "/",
                            "regex": ""
                          }
                        ]
                      }
                    ],
                    "http_route_action": [
                      {
                        "auto_host_rewrite": false,
                        "backend_group_id": "ds7fasgbb98ir8vfl7vf",
                        "host_rewrite": "",
                        "idle_timeout": "",
                        "prefix_rewrite": "",
                        "timeout": "3s",
                        "upgrade_types": []
                      }
                    ],
                    "redirect_action": []
                  }
                ],
                "name": "route",
                "route_options": []
              }
            ],
            "route_options": [],
            "timeouts": null
          },
          "sensitive_attributes": [],
          "private": "eyJlMmJmYjczMC1lY2FhLTExZTYtOGY4OC0zNDM2M2JjN2M0YzAiOnsiY3JlYXRlIjozMDAwMDAwMDAwMDAsImRlbGV0ZSI6MzAwMDAwMDAwMDAwLCJ1cGRhdGUiOjMwMDAwMDAwMDAwMH19",
          "dependencies": [
            "yandex_alb_backend_group.backend-group",
            "yandex_alb_http_router.router",
            "yandex_alb_target_group.tg-group",
            "yandex_compute_instance.web-vm-1",
            "yandex_compute_instance.web-vm-2",
            "yandex_vpc_gateway.nat_gateway",
            "yandex_vpc_network.network-diplom",
            "yandex_vpc_route_table.route_table",
            "yandex_vpc_security_group.filebeat-sg",
            "yandex_vpc_security_group.nginx-sg",
            "yandex_vpc_security_group.ssh-access-local",
            "yandex_vpc_subnet.private-1",
            "yandex_vpc_subnet.private-2"
          ]
        }
      ]
    },
    {
      "mode": "managed",
      "type": "yandex_compute_instance",
      "name": "bastion-vm",
      "provider": "provider[\"registry.terraform.io/yandex-cloud/yandex\"]",
      "instances": [
        {
          "schema_version": 1,
          "attributes": {
            "allow_recreate": null,
            "allow_stopping_for_update": null,
            "boot_disk": [
              {
                "auto_delete": true,
                "device_name": "ef3ih1bn9mibsbvq4cp4",
                "disk_id": "ef3ih1bn9mibsbvq4cp4",
                "initialize_params": [
                  {
                    "block_size": 4096,
                    "description": "",
                    "image_id": "fd8vljd295nqdaoogf3g",
                    "name": "",
                    "size": 10,
                    "snapshot_id": "",
                    "type": "network-hdd"
                  }
                ],
                "mode": "READ_WRITE"
              }
            ],
            "created_at": "2024-02-05T06:33:02Z",
            "description": "",
            "filesystem": [],
            "folder_id": "b1gss7e1koufa785niis",
            "fqdn": "bastion-vm.ru-central1.internal",
            "gpu_cluster_id": "",
            "hostname": "bastion-vm",
            "id": "ef316h3eun069l0hp1q2",
            "labels": {},
            "local_disk": [],
            "maintenance_grace_period": "",
            "maintenance_policy": null,
            "metadata": {
              "user-data": "#cloud-config\r\n\r\nusers:\r\n - name: gabber\r\n   groups: sudo\r\n   shell: /bin/bash\r\n   sudo: ['ALL=(ALL) NOPASSWD:ALL']\r\n   ssh-authorized-keys:\r\n     - ssh-ed25519 AAAAC3NzaC1lZDI1NTE5AAAAIKsKph58SpozXsc+FaNS1jiZhc2S0tKlSPfl/8jdNlSZ gabber@gabber-vm"
            },
            "metadata_options": [
              {
                "aws_v1_http_endpoint": 1,
                "aws_v1_http_token": 2,
                "gce_http_endpoint": 1,
                "gce_http_token": 1
              }
            ],
            "name": "bastion-vm",
            "network_acceleration_type": "standard",
            "network_interface": [
              {
                "dns_record": [],
                "index": 0,
                "ip_address": "10.4.1.40",
                "ipv4": true,
                "ipv6": false,
                "ipv6_address": "",
                "ipv6_dns_record": [],
                "mac_address": "d0:0d:13:44:6e:f5",
                "nat": true,
                "nat_dns_record": [],
                "nat_ip_address": "51.250.37.205",
                "nat_ip_version": "IPV4",
                "security_group_ids": [
                  "enpb1dh8io3abcdofi1l"
                ],
                "subnet_id": "b0c1bpllidivr3onchmt"
              }
            ],
            "placement_policy": [
              {
                "host_affinity_rules": [],
                "placement_group_id": ""
              }
            ],
            "platform_id": "standard-v1",
            "resources": [
              {
                "core_fraction": 20,
                "cores": 2,
                "gpus": 0,
                "memory": 4
              }
            ],
            "scheduling_policy": [
              {
                "preemptible": true
              }
            ],
            "secondary_disk": [],
            "service_account_id": "",
            "status": "running",
            "timeouts": {
              "create": "10m",
              "delete": null,
              "update": null
            },
            "zone": "ru-central1-c"
          },
          "sensitive_attributes": [],
          "private": "eyJlMmJmYjczMC1lY2FhLTExZTYtOGY4OC0zNDM2M2JjN2M0YzAiOnsiY3JlYXRlIjo2MDAwMDAwMDAwMDAsImRlbGV0ZSI6MzAwMDAwMDAwMDAwLCJ1cGRhdGUiOjMwMDAwMDAwMDAwMH0sInNjaGVtYV92ZXJzaW9uIjoiMSJ9",
          "dependencies": [
            "yandex_vpc_network.network-diplom",
            "yandex_vpc_security_group.ssh-access",
            "yandex_vpc_security_group.ssh-access-local",
            "yandex_vpc_subnet.public-subnet"
          ]
        }
      ]
    },
    {
      "mode": "managed",
      "type": "yandex_compute_instance",
      "name": "elasticsearch-vm",
      "provider": "provider[\"registry.terraform.io/yandex-cloud/yandex\"]",
      "instances": [
        {
          "schema_version": 1,
          "attributes": {
            "allow_recreate": null,
            "allow_stopping_for_update": null,
            "boot_disk": [
              {
                "auto_delete": true,
                "device_name": "ef30b2t1fa1h265t9g21",
                "disk_id": "ef30b2t1fa1h265t9g21",
                "initialize_params": [
                  {
                    "block_size": 4096,
                    "description": "",
                    "image_id": "fd8vljd295nqdaoogf3g",
                    "name": "",
                    "size": 10,
                    "snapshot_id": "",
                    "type": "network-hdd"
                  }
                ],
                "mode": "READ_WRITE"
              }
            ],
            "created_at": "2024-02-05T06:32:58Z",
            "description": "",
            "filesystem": [],
            "folder_id": "b1gss7e1koufa785niis",
            "fqdn": "elasticsearch-vm.ru-central1.internal",
            "gpu_cluster_id": "",
            "hostname": "elasticsearch-vm",
            "id": "ef3r85dsrihveddsista",
            "labels": {},
            "local_disk": [],
            "maintenance_grace_period": "",
            "maintenance_policy": null,
            "metadata": {
              "user-data": "#cloud-config\r\n\r\nusers:\r\n - name: gabber\r\n   groups: sudo\r\n   shell: /bin/bash\r\n   sudo: ['ALL=(ALL) NOPASSWD:ALL']\r\n   ssh-authorized-keys:\r\n     - ssh-ed25519 AAAAC3NzaC1lZDI1NTE5AAAAIKsKph58SpozXsc+FaNS1jiZhc2S0tKlSPfl/8jdNlSZ gabber@gabber-vm"
            },
            "metadata_options": [
              {
                "aws_v1_http_endpoint": 1,
                "aws_v1_http_token": 2,
                "gce_http_endpoint": 1,
                "gce_http_token": 1
              }
            ],
            "name": "elasticsearch-vm",
            "network_acceleration_type": "standard",
            "network_interface": [
              {
                "dns_record": [],
                "index": 0,
                "ip_address": "10.3.1.33",
                "ipv4": true,
                "ipv6": false,
                "ipv6_address": "",
                "ipv6_dns_record": [],
                "mac_address": "d0:0d:1b:41:5b:cd",
                "nat": false,
                "nat_dns_record": [],
                "nat_ip_address": "",
                "nat_ip_version": "",
                "security_group_ids": [
                  "enp33gkv41lg7bid407t",
                  "enpn6lgrcplgi4qmt2dd",
                  "enppj4dtom17hdj5i5qi",
                  "enpt5kckegt7plqaosqa"
                ],
                "subnet_id": "b0cohbng7kc1rv1ile3l"
              }
            ],
            "placement_policy": [
              {
                "host_affinity_rules": [],
                "placement_group_id": ""
              }
            ],
            "platform_id": "standard-v1",
            "resources": [
              {
                "core_fraction": 20,
                "cores": 2,
                "gpus": 0,
                "memory": 4
              }
            ],
            "scheduling_policy": [
              {
                "preemptible": false
              }
            ],
            "secondary_disk": [],
            "service_account_id": "",
            "status": "running",
            "timeouts": {
              "create": "10m",
              "delete": null,
              "update": null
            },
            "zone": "ru-central1-c"
          },
          "sensitive_attributes": [],
          "private": "eyJlMmJmYjczMC1lY2FhLTExZTYtOGY4OC0zNDM2M2JjN2M0YzAiOnsiY3JlYXRlIjo2MDAwMDAwMDAwMDAsImRlbGV0ZSI6MzAwMDAwMDAwMDAwLCJ1cGRhdGUiOjMwMDAwMDAwMDAwMH0sInNjaGVtYV92ZXJzaW9uIjoiMSJ9",
          "dependencies": [
            "yandex_vpc_gateway.nat_gateway",
            "yandex_vpc_network.network-diplom",
            "yandex_vpc_route_table.route_table",
            "yandex_vpc_security_group.elasticsearch-sg",
            "yandex_vpc_security_group.filebeat-sg",
            "yandex_vpc_security_group.kibana-sg",
            "yandex_vpc_security_group.ssh-access-local",
            "yandex_vpc_subnet.private-3"
          ]
        }
      ]
    },
    {
      "mode": "managed",
      "type": "yandex_compute_instance",
      "name": "kibana-vm",
      "provider": "provider[\"registry.terraform.io/yandex-cloud/yandex\"]",
      "instances": [
        {
          "schema_version": 1,
          "attributes": {
            "allow_recreate": null,
            "allow_stopping_for_update": null,
            "boot_disk": [
              {
                "auto_delete": true,
                "device_name": "ef3s70htdl1ud2nql7pb",
                "disk_id": "ef3s70htdl1ud2nql7pb",
                "initialize_params": [
                  {
                    "block_size": 4096,
                    "description": "",
                    "image_id": "fd8vljd295nqdaoogf3g",
                    "name": "",
                    "size": 10,
                    "snapshot_id": "",
                    "type": "network-hdd"
                  }
                ],
                "mode": "READ_WRITE"
              }
            ],
            "created_at": "2024-02-05T06:32:58Z",
            "description": "",
            "filesystem": [],
            "folder_id": "b1gss7e1koufa785niis",
            "fqdn": "kibana-vm.ru-central1.internal",
            "gpu_cluster_id": "",
            "hostname": "kibana-vm",
            "id": "ef3gv57j13a6imtjpc7d",
            "labels": {},
            "local_disk": [],
            "maintenance_grace_period": "",
            "maintenance_policy": null,
            "metadata": {
              "user-data": "#cloud-config\r\n\r\nusers:\r\n - name: gabber\r\n   groups: sudo\r\n   shell: /bin/bash\r\n   sudo: ['ALL=(ALL) NOPASSWD:ALL']\r\n   ssh-authorized-keys:\r\n     - ssh-ed25519 AAAAC3NzaC1lZDI1NTE5AAAAIKsKph58SpozXsc+FaNS1jiZhc2S0tKlSPfl/8jdNlSZ gabber@gabber-vm"
            },
            "metadata_options": [
              {
                "aws_v1_http_endpoint": 1,
                "aws_v1_http_token": 2,
                "gce_http_endpoint": 1,
                "gce_http_token": 1
              }
            ],
            "name": "kibana-vm",
            "network_acceleration_type": "standard",
            "network_interface": [
              {
                "dns_record": [],
                "index": 0,
                "ip_address": "10.4.1.7",
                "ipv4": true,
                "ipv6": false,
                "ipv6_address": "",
                "ipv6_dns_record": [],
                "mac_address": "d0:0d:10:f9:4f:30",
                "nat": true,
                "nat_dns_record": [],
                "nat_ip_address": "51.250.44.202",
                "nat_ip_version": "IPV4",
                "security_group_ids": [
                  "enp33gkv41lg7bid407t",
                  "enpn6lgrcplgi4qmt2dd",
                  "enppj4dtom17hdj5i5qi",
                  "enpt5kckegt7plqaosqa"
                ],
                "subnet_id": "b0c1bpllidivr3onchmt"
              }
            ],
            "placement_policy": [
              {
                "host_affinity_rules": [],
                "placement_group_id": ""
              }
            ],
            "platform_id": "standard-v1",
            "resources": [
              {
                "core_fraction": 20,
                "cores": 2,
                "gpus": 0,
                "memory": 4
              }
            ],
            "scheduling_policy": [
              {
                "preemptible": true
              }
            ],
            "secondary_disk": [],
            "service_account_id": "",
            "status": "running",
            "timeouts": {
              "create": "10m",
              "delete": null,
              "update": null
            },
            "zone": "ru-central1-c"
          },
          "sensitive_attributes": [],
          "private": "eyJlMmJmYjczMC1lY2FhLTExZTYtOGY4OC0zNDM2M2JjN2M0YzAiOnsiY3JlYXRlIjo2MDAwMDAwMDAwMDAsImRlbGV0ZSI6MzAwMDAwMDAwMDAwLCJ1cGRhdGUiOjMwMDAwMDAwMDAwMH0sInNjaGVtYV92ZXJzaW9uIjoiMSJ9",
          "dependencies": [
            "yandex_vpc_network.network-diplom",
            "yandex_vpc_security_group.elasticsearch-sg",
            "yandex_vpc_security_group.filebeat-sg",
            "yandex_vpc_security_group.kibana-sg",
            "yandex_vpc_security_group.ssh-access-local",
            "yandex_vpc_subnet.public-subnet"
          ]
        }
      ]
    },
    {
      "mode": "managed",
      "type": "yandex_compute_instance",
      "name": "web-vm-1",
      "provider": "provider[\"registry.terraform.io/yandex-cloud/yandex\"]",
      "instances": [
        {
          "schema_version": 1,
          "attributes": {
            "allow_recreate": null,
            "allow_stopping_for_update": null,
            "boot_disk": [
              {
                "auto_delete": true,
                "device_name": "fhm0toujhj6k5hn9g9bm",
                "disk_id": "fhm0toujhj6k5hn9g9bm",
                "initialize_params": [
                  {
                    "block_size": 4096,
                    "description": "",
                    "image_id": "fd8vljd295nqdaoogf3g",
                    "name": "",
                    "size": 10,
                    "snapshot_id": "",
                    "type": "network-hdd"
                  }
                ],
                "mode": "READ_WRITE"
              }
            ],
            "created_at": "2024-02-05T06:33:01Z",
            "description": "",
            "filesystem": [],
            "folder_id": "b1gss7e1koufa785niis",
            "fqdn": "web-vm-1.ru-central1.internal",
            "gpu_cluster_id": "",
            "hostname": "web-vm-1",
            "id": "fhmd7s030bshstb5qm2v",
            "labels": {},
            "local_disk": [],
            "maintenance_grace_period": "",
            "maintenance_policy": null,
            "metadata": {
              "user-data": "#cloud-config\r\n\r\nusers:\r\n - name: gabber\r\n   groups: sudo\r\n   shell: /bin/bash\r\n   sudo: ['ALL=(ALL) NOPASSWD:ALL']\r\n   ssh-authorized-keys:\r\n     - ssh-ed25519 AAAAC3NzaC1lZDI1NTE5AAAAIKsKph58SpozXsc+FaNS1jiZhc2S0tKlSPfl/8jdNlSZ gabber@gabber-vm"
            },
            "metadata_options": [
              {
                "aws_v1_http_endpoint": 1,
                "aws_v1_http_token": 2,
                "gce_http_endpoint": 1,
                "gce_http_token": 1
              }
            ],
            "name": "web-vm-1",
            "network_acceleration_type": "standard",
            "network_interface": [
              {
                "dns_record": [],
                "index": 0,
                "ip_address": "10.1.1.10",
                "ipv4": true,
                "ipv6": false,
                "ipv6_address": "",
                "ipv6_dns_record": [],
                "mac_address": "d0:0d:d3:f0:03:02",
                "nat": false,
                "nat_dns_record": [],
                "nat_ip_address": "",
                "nat_ip_version": "",
                "security_group_ids": [
                  "enp33gkv41lg7bid407t",
                  "enpn5iqourohdbs7e4u9",
                  "enpn6lgrcplgi4qmt2dd"
                ],
                "subnet_id": "e9bhdtkd2akmh35b87hn"
              }
            ],
            "placement_policy": [
              {
                "host_affinity_rules": [],
                "placement_group_id": ""
              }
            ],
            "platform_id": "standard-v1",
            "resources": [
              {
                "core_fraction": 20,
                "cores": 2,
                "gpus": 0,
                "memory": 4
              }
            ],
            "scheduling_policy": [
              {
                "preemptible": true
              }
            ],
            "secondary_disk": [],
            "service_account_id": "",
            "status": "running",
            "timeouts": null,
            "zone": "ru-central1-a"
          },
          "sensitive_attributes": [],
          "private": "eyJlMmJmYjczMC1lY2FhLTExZTYtOGY4OC0zNDM2M2JjN2M0YzAiOnsiY3JlYXRlIjozMDAwMDAwMDAwMDAsImRlbGV0ZSI6MzAwMDAwMDAwMDAwLCJ1cGRhdGUiOjMwMDAwMDAwMDAwMH0sInNjaGVtYV92ZXJzaW9uIjoiMSJ9",
          "dependencies": [
            "yandex_vpc_gateway.nat_gateway",
            "yandex_vpc_network.network-diplom",
            "yandex_vpc_route_table.route_table",
            "yandex_vpc_security_group.filebeat-sg",
            "yandex_vpc_security_group.nginx-sg",
            "yandex_vpc_security_group.ssh-access-local",
            "yandex_vpc_subnet.private-1"
          ]
        }
      ]
    },
    {
      "mode": "managed",
      "type": "yandex_compute_instance",
      "name": "web-vm-2",
      "provider": "provider[\"registry.terraform.io/yandex-cloud/yandex\"]",
      "instances": [
        {
          "schema_version": 1,
          "attributes": {
            "allow_recreate": null,
            "allow_stopping_for_update": null,
            "boot_disk": [
              {
                "auto_delete": true,
                "device_name": "epddk9d48at2c3klgl9h",
                "disk_id": "epddk9d48at2c3klgl9h",
                "initialize_params": [
                  {
                    "block_size": 4096,
                    "description": "",
                    "image_id": "fd8vljd295nqdaoogf3g",
                    "name": "",
                    "size": 10,
                    "snapshot_id": "",
                    "type": "network-hdd"
                  }
                ],
                "mode": "READ_WRITE"
              }
            ],
            "created_at": "2024-02-05T06:32:58Z",
            "description": "",
            "filesystem": [],
            "folder_id": "b1gss7e1koufa785niis",
            "fqdn": "web-vm-2.ru-central1.internal",
            "gpu_cluster_id": "",
            "hostname": "web-vm-2",
            "id": "epdvs8jfdi00rkt374ce",
            "labels": {},
            "local_disk": [],
            "maintenance_grace_period": "",
            "maintenance_policy": null,
            "metadata": {
              "user-data": "#cloud-config\r\n\r\nusers:\r\n - name: gabber\r\n   groups: sudo\r\n   shell: /bin/bash\r\n   sudo: ['ALL=(ALL) NOPASSWD:ALL']\r\n   ssh-authorized-keys:\r\n     - ssh-ed25519 AAAAC3NzaC1lZDI1NTE5AAAAIKsKph58SpozXsc+FaNS1jiZhc2S0tKlSPfl/8jdNlSZ gabber@gabber-vm"
            },
            "metadata_options": [
              {
                "aws_v1_http_endpoint": 1,
                "aws_v1_http_token": 2,
                "gce_http_endpoint": 1,
                "gce_http_token": 1
              }
            ],
            "name": "web-vm-2",
            "network_acceleration_type": "standard",
            "network_interface": [
              {
                "dns_record": [],
                "index": 0,
                "ip_address": "10.2.1.20",
                "ipv4": true,
                "ipv6": false,
                "ipv6_address": "",
                "ipv6_dns_record": [],
                "mac_address": "d0:0d:1f:e2:26:f6",
                "nat": false,
                "nat_dns_record": [],
                "nat_ip_address": "",
                "nat_ip_version": "",
                "security_group_ids": [
                  "enp33gkv41lg7bid407t",
                  "enpn5iqourohdbs7e4u9",
                  "enpn6lgrcplgi4qmt2dd"
                ],
                "subnet_id": "e2lr1vvm5332kv77vkjl"
              }
            ],
            "placement_policy": [
              {
                "host_affinity_rules": [],
                "placement_group_id": ""
              }
            ],
            "platform_id": "standard-v1",
            "resources": [
              {
                "core_fraction": 20,
                "cores": 2,
                "gpus": 0,
                "memory": 4
              }
            ],
            "scheduling_policy": [
              {
                "preemptible": true
              }
            ],
            "secondary_disk": [],
            "service_account_id": "",
            "status": "running",
            "timeouts": {
              "create": "10m",
              "delete": null,
              "update": null
            },
            "zone": "ru-central1-b"
          },
          "sensitive_attributes": [],
          "private": "eyJlMmJmYjczMC1lY2FhLTExZTYtOGY4OC0zNDM2M2JjN2M0YzAiOnsiY3JlYXRlIjo2MDAwMDAwMDAwMDAsImRlbGV0ZSI6MzAwMDAwMDAwMDAwLCJ1cGRhdGUiOjMwMDAwMDAwMDAwMH0sInNjaGVtYV92ZXJzaW9uIjoiMSJ9",
          "dependencies": [
            "yandex_vpc_gateway.nat_gateway",
            "yandex_vpc_network.network-diplom",
            "yandex_vpc_route_table.route_table",
            "yandex_vpc_security_group.filebeat-sg",
            "yandex_vpc_security_group.nginx-sg",
            "yandex_vpc_security_group.ssh-access-local",
            "yandex_vpc_subnet.private-2"
          ]
        }
      ]
    },
    {
      "mode": "managed",
      "type": "yandex_compute_instance",
      "name": "zabbix-vm",
      "provider": "provider[\"registry.terraform.io/yandex-cloud/yandex\"]",
      "instances": [
        {
          "schema_version": 1,
          "attributes": {
            "allow_recreate": null,
            "allow_stopping_for_update": null,
            "boot_disk": [
              {
                "auto_delete": true,
                "device_name": "ef30j7gt99lnvhulg2h9",
                "disk_id": "ef30j7gt99lnvhulg2h9",
                "initialize_params": [
                  {
                    "block_size": 4096,
                    "description": "",
                    "image_id": "fd8vljd295nqdaoogf3g",
                    "name": "",
                    "size": 10,
                    "snapshot_id": "",
                    "type": "network-hdd"
                  }
                ],
                "mode": "READ_WRITE"
              }
            ],
            "created_at": "2024-02-05T06:33:00Z",
            "description": "",
            "filesystem": [],
            "folder_id": "b1gss7e1koufa785niis",
            "fqdn": "zabbix-vm.ru-central1.internal",
            "gpu_cluster_id": "",
            "hostname": "zabbix-vm",
            "id": "ef3hrdodmhn2a1j7lkp5",
            "labels": {},
            "local_disk": [],
            "maintenance_grace_period": "",
            "maintenance_policy": null,
            "metadata": {
              "user-data": "#cloud-config\r\n\r\nusers:\r\n - name: gabber\r\n   groups: sudo\r\n   shell: /bin/bash\r\n   sudo: ['ALL=(ALL) NOPASSWD:ALL']\r\n   ssh-authorized-keys:\r\n     - ssh-ed25519 AAAAC3NzaC1lZDI1NTE5AAAAIKsKph58SpozXsc+FaNS1jiZhc2S0tKlSPfl/8jdNlSZ gabber@gabber-vm"
            },
            "metadata_options": [
              {
                "aws_v1_http_endpoint": 1,
                "aws_v1_http_token": 2,
                "gce_http_endpoint": 1,
                "gce_http_token": 1
              }
            ],
            "name": "zabbix-vm",
            "network_acceleration_type": "standard",
            "network_interface": [
              {
                "dns_record": [],
                "index": 0,
                "ip_address": "10.3.1.30",
                "ipv4": true,
                "ipv6": false,
                "ipv6_address": "",
                "ipv6_dns_record": [],
                "mac_address": "d0:0d:11:db:70:db",
                "nat": true,
                "nat_dns_record": [],
                "nat_ip_address": "51.250.43.179",
                "nat_ip_version": "IPV4",
                "security_group_ids": [
                  "enpn6lgrcplgi4qmt2dd",
                  "enpp3q7mne5r73m46j1a"
                ],
                "subnet_id": "b0cohbng7kc1rv1ile3l"
              }
            ],
            "placement_policy": [
              {
                "host_affinity_rules": [],
                "placement_group_id": ""
              }
            ],
            "platform_id": "standard-v1",
            "resources": [
              {
                "core_fraction": 20,
                "cores": 4,
                "gpus": 0,
                "memory": 4
              }
            ],
            "scheduling_policy": [
              {
                "preemptible": true
              }
            ],
            "secondary_disk": [],
            "service_account_id": "",
            "status": "running",
            "timeouts": {
              "create": "10m",
              "delete": null,
              "update": null
            },
            "zone": "ru-central1-c"
          },
          "sensitive_attributes": [],
          "private": "eyJlMmJmYjczMC1lY2FhLTExZTYtOGY4OC0zNDM2M2JjN2M0YzAiOnsiY3JlYXRlIjo2MDAwMDAwMDAwMDAsImRlbGV0ZSI6MzAwMDAwMDAwMDAwLCJ1cGRhdGUiOjMwMDAwMDAwMDAwMH0sInNjaGVtYV92ZXJzaW9uIjoiMSJ9",
          "dependencies": [
            "yandex_vpc_gateway.nat_gateway",
            "yandex_vpc_network.network-diplom",
            "yandex_vpc_route_table.route_table",
            "yandex_vpc_security_group.ssh-access-local",
            "yandex_vpc_security_group.zabbix-sg",
            "yandex_vpc_subnet.private-3"
          ]
        }
      ]
    },
    {
      "mode": "managed",
      "type": "yandex_compute_snapshot_schedule",
      "name": "snapshots",
      "provider": "provider[\"registry.terraform.io/yandex-cloud/yandex\"]",
      "instances": [
        {
          "schema_version": 0,
          "attributes": {
            "created_at": "2024-02-05T06:33:47Z",
            "description": "",
            "disk_ids": [
              "fhm0toujhj6k5hn9g9bm",
              "epddk9d48at2c3klgl9h",
              "ef3ih1bn9mibsbvq4cp4",
              "ef30j7gt99lnvhulg2h9",
              "ef3s70htdl1ud2nql7pb",
              "ef30b2t1fa1h265t9g21"
            ],
            "folder_id": "b1gss7e1koufa785niis",
            "id": "fd85atov6svgjpg34tcs",
            "labels": {},
            "name": "snapshots",
            "retention_period": "",
            "schedule_policy": [
              {
                "expression": "0 15 ? * *",
                "start_at": "1970-01-01T00:00:00Z"
              }
            ],
            "snapshot_count": 0,
            "snapshot_spec": [
              {
                "description": "daily-snapshot",
                "labels": {}
              }
            ],
            "status": "active",
            "timeouts": null
          },
          "sensitive_attributes": [],
          "private": "eyJlMmJmYjczMC1lY2FhLTExZTYtOGY4OC0zNDM2M2JjN2M0YzAiOnsiY3JlYXRlIjozMDAwMDAwMDAwMDAsImRlbGV0ZSI6MzAwMDAwMDAwMDAwLCJ1cGRhdGUiOjMwMDAwMDAwMDAwMH19",
          "dependencies": [
            "yandex_compute_instance.bastion-vm",
            "yandex_compute_instance.elasticsearch-vm",
            "yandex_compute_instance.kibana-vm",
            "yandex_compute_instance.web-vm-1",
            "yandex_compute_instance.web-vm-2",
            "yandex_compute_instance.zabbix-vm",
            "yandex_vpc_gateway.nat_gateway",
            "yandex_vpc_network.network-diplom",
            "yandex_vpc_route_table.route_table",
            "yandex_vpc_security_group.elasticsearch-sg",
            "yandex_vpc_security_group.filebeat-sg",
            "yandex_vpc_security_group.kibana-sg",
            "yandex_vpc_security_group.nginx-sg",
            "yandex_vpc_security_group.ssh-access",
            "yandex_vpc_security_group.ssh-access-local",
            "yandex_vpc_security_group.zabbix-sg",
            "yandex_vpc_subnet.private-1",
            "yandex_vpc_subnet.private-2",
            "yandex_vpc_subnet.private-3",
            "yandex_vpc_subnet.public-subnet"
          ]
        }
      ]
    },
    {
      "mode": "managed",
      "type": "yandex_vpc_gateway",
      "name": "nat_gateway",
      "provider": "provider[\"registry.terraform.io/yandex-cloud/yandex\"]",
      "instances": [
        {
          "schema_version": 0,
          "attributes": {
            "created_at": "2024-02-05T06:32:44Z",
            "description": "",
            "folder_id": "b1gss7e1koufa785niis",
            "id": "enpkq1tn4nn9c4jqrf7n",
            "labels": {},
            "name": "gateway",
            "shared_egress_gateway": [
              {}
            ],
            "timeouts": null
          },
          "sensitive_attributes": [],
          "private": "eyJlMmJmYjczMC1lY2FhLTExZTYtOGY4OC0zNDM2M2JjN2M0YzAiOnsiY3JlYXRlIjo2MDAwMDAwMDAwMCwiZGVsZXRlIjo2MDAwMDAwMDAwMCwidXBkYXRlIjo2MDAwMDAwMDAwMH19"
        }
      ]
    },
    {
      "mode": "managed",
      "type": "yandex_vpc_network",
      "name": "network-diplom",
      "provider": "provider[\"registry.terraform.io/yandex-cloud/yandex\"]",
      "instances": [
        {
          "schema_version": 0,
          "attributes": {
            "created_at": "2024-02-05T06:32:43Z",
            "default_security_group_id": "enp4aok5kmc8f1j07cjo",
            "description": "diplom",
            "folder_id": "b1gss7e1koufa785niis",
            "id": "enpl6punjq1pengjspfd",
            "labels": {},
            "name": "network-diplom",
            "subnet_ids": [
              "b0c1bpllidivr3onchmt",
              "b0cohbng7kc1rv1ile3l",
              "e2lr1vvm5332kv77vkjl",
              "e9bhdtkd2akmh35b87hn"
            ],
            "timeouts": null
          },
          "sensitive_attributes": [],
          "private": "eyJlMmJmYjczMC1lY2FhLTExZTYtOGY4OC0zNDM2M2JjN2M0YzAiOnsiY3JlYXRlIjo2MDAwMDAwMDAwMCwiZGVsZXRlIjo2MDAwMDAwMDAwMCwidXBkYXRlIjo2MDAwMDAwMDAwMH19"
        }
      ]
    },
    {
      "mode": "managed",
      "type": "yandex_vpc_route_table",
      "name": "route_table",
      "provider": "provider[\"registry.terraform.io/yandex-cloud/yandex\"]",
      "instances": [
        {
          "schema_version": 0,
          "attributes": {
            "created_at": "2024-02-05T06:32:46Z",
            "description": "",
            "folder_id": "b1gss7e1koufa785niis",
            "id": "enpmcsmloll1g8f2g7lf",
            "labels": {},
            "name": "",
            "network_id": "enpl6punjq1pengjspfd",
            "static_route": [
              {
                "destination_prefix": "0.0.0.0/0",
                "gateway_id": "enpkq1tn4nn9c4jqrf7n",
                "next_hop_address": ""
              }
            ],
            "timeouts": null
          },
          "sensitive_attributes": [],
          "private": "eyJlMmJmYjczMC1lY2FhLTExZTYtOGY4OC0zNDM2M2JjN2M0YzAiOnsiY3JlYXRlIjoxODAwMDAwMDAwMDAsImRlbGV0ZSI6MTgwMDAwMDAwMDAwLCJ1cGRhdGUiOjE4MDAwMDAwMDAwMH19",
          "dependencies": [
            "yandex_vpc_gateway.nat_gateway",
            "yandex_vpc_network.network-diplom"
          ]
        }
      ]
    },
    {
      "mode": "managed",
      "type": "yandex_vpc_security_group",
      "name": "balancer-sg",
      "provider": "provider[\"registry.terraform.io/yandex-cloud/yandex\"]",
      "instances": [
        {
          "schema_version": 0,
          "attributes": {
            "created_at": "2024-02-05T06:32:50Z",
            "description": "",
            "egress": [
              {
                "description": "any",
                "from_port": -1,
                "id": "enptuvbtqoig91nrsava",
                "labels": {},
                "port": -1,
                "predefined_target": "",
                "protocol": "ANY",
                "security_group_id": "",
                "to_port": -1,
                "v4_cidr_blocks": [
                  "0.0.0.0/0"
                ],
                "v6_cidr_blocks": []
              }
            ],
            "folder_id": "b1gss7e1koufa785niis",
            "id": "enp5pgqrag67a9fhl8lk",
            "ingress": [
              {
                "description": "ext-http",
                "from_port": -1,
                "id": "enpmnc62bm4b705e7o65",
                "labels": {},
                "port": 80,
                "predefined_target": "",
                "protocol": "TCP",
                "security_group_id": "",
                "to_port": -1,
                "v4_cidr_blocks": [
                  "0.0.0.0/0"
                ],
                "v6_cidr_blocks": []
              },
              {
                "description": "healthchecks",
                "from_port": -1,
                "id": "enpaculdokoaqvcrrgjb",
                "labels": {},
                "port": 30080,
                "predefined_target": "loadbalancer_healthchecks",
                "protocol": "TCP",
                "security_group_id": "",
                "to_port": -1,
                "v4_cidr_blocks": [],
                "v6_cidr_blocks": []
              }
            ],
            "labels": {},
            "name": "balancer-sg",
            "network_id": "enpl6punjq1pengjspfd",
            "status": "ACTIVE",
            "timeouts": null
          },
          "sensitive_attributes": [],
          "private": "eyJlMmJmYjczMC1lY2FhLTExZTYtOGY4OC0zNDM2M2JjN2M0YzAiOnsiY3JlYXRlIjoxODAwMDAwMDAwMDAsImRlbGV0ZSI6MTgwMDAwMDAwMDAwLCJ1cGRhdGUiOjE4MDAwMDAwMDAwMH19",
          "dependencies": [
            "yandex_vpc_network.network-diplom"
          ]
        }
      ]
    },
    {
      "mode": "managed",
      "type": "yandex_vpc_security_group",
      "name": "elasticsearch-sg",
      "provider": "provider[\"registry.terraform.io/yandex-cloud/yandex\"]",
      "instances": [
        {
          "schema_version": 0,
          "attributes": {
            "created_at": "2024-02-05T06:32:55Z",
            "description": "",
            "egress": [
              {
                "description": "",
                "from_port": -1,
                "id": "enp4gkeuitqg96uam501",
                "labels": {},
                "port": 9200,
                "predefined_target": "",
                "protocol": "TCP",
                "security_group_id": "",
                "to_port": -1,
                "v4_cidr_blocks": [
                  "10.1.1.0/24",
                  "10.2.1.0/24",
                  "10.3.1.0/24",
                  "10.4.1.0/24"
                ],
                "v6_cidr_blocks": []
              },
              {
                "description": "",
                "from_port": -1,
                "id": "enpjvifi3uasobe48b7m",
                "labels": {},
                "port": 10050,
                "predefined_target": "",
                "protocol": "ANY",
                "security_group_id": "",
                "to_port": -1,
                "v4_cidr_blocks": [
                  "0.0.0.0/0"
                ],
                "v6_cidr_blocks": []
              }
            ],
            "folder_id": "b1gss7e1koufa785niis",
            "id": "enppj4dtom17hdj5i5qi",
            "ingress": [
              {
                "description": "",
                "from_port": -1,
                "id": "enp6ld4p6ss70l984oor",
                "labels": {},
                "port": 9200,
                "predefined_target": "",
                "protocol": "TCP",
                "security_group_id": "",
                "to_port": -1,
                "v4_cidr_blocks": [
                  "10.1.1.0/24",
                  "10.2.1.0/24",
                  "10.3.1.0/24",
                  "10.4.1.0/24"
                ],
                "v6_cidr_blocks": []
              },
              {
                "description": "",
                "from_port": -1,
                "id": "enpu3rt4q1ugasim9d0c",
                "labels": {},
                "port": 10050,
                "predefined_target": "",
                "protocol": "ANY",
                "security_group_id": "",
                "to_port": -1,
                "v4_cidr_blocks": [
                  "0.0.0.0/0"
                ],
                "v6_cidr_blocks": []
              }
            ],
            "labels": {},
            "name": "elasticsearch-sg",
            "network_id": "enpl6punjq1pengjspfd",
            "status": "ACTIVE",
            "timeouts": null
          },
          "sensitive_attributes": [],
          "private": "eyJlMmJmYjczMC1lY2FhLTExZTYtOGY4OC0zNDM2M2JjN2M0YzAiOnsiY3JlYXRlIjoxODAwMDAwMDAwMDAsImRlbGV0ZSI6MTgwMDAwMDAwMDAwLCJ1cGRhdGUiOjE4MDAwMDAwMDAwMH19",
          "dependencies": [
            "yandex_vpc_network.network-diplom"
          ]
        }
      ]
    },
    {
      "mode": "managed",
      "type": "yandex_vpc_security_group",
      "name": "filebeat-sg",
      "provider": "provider[\"registry.terraform.io/yandex-cloud/yandex\"]",
      "instances": [
        {
          "schema_version": 0,
          "attributes": {
            "created_at": "2024-02-05T06:32:57Z",
            "description": "",
            "egress": [
              {
                "description": "",
                "from_port": -1,
                "id": "enpqcpk2sicnuq20ph21",
                "labels": {},
                "port": 5044,
                "predefined_target": "",
                "protocol": "TCP",
                "security_group_id": "",
                "to_port": -1,
                "v4_cidr_blocks": [
                  "10.1.1.0/24",
                  "10.2.1.0/24",
                  "10.3.1.0/24",
                  "10.4.1.0/24"
                ],
                "v6_cidr_blocks": []
              }
            ],
            "folder_id": "b1gss7e1koufa785niis",
            "id": "enp33gkv41lg7bid407t",
            "ingress": [
              {
                "description": "",
                "from_port": -1,
                "id": "enp4a4d9bop8c4k2ict3",
                "labels": {},
                "port": 5044,
                "predefined_target": "",
                "protocol": "TCP",
                "security_group_id": "",
                "to_port": -1,
                "v4_cidr_blocks": [
                  "10.1.1.0/24",
                  "10.2.1.0/24",
                  "10.3.1.0/24",
                  "10.4.1.0/24"
                ],
                "v6_cidr_blocks": []
              }
            ],
            "labels": {},
            "name": "filebeat service",
            "network_id": "enpl6punjq1pengjspfd",
            "status": "ACTIVE",
            "timeouts": null
          },
          "sensitive_attributes": [],
          "private": "eyJlMmJmYjczMC1lY2FhLTExZTYtOGY4OC0zNDM2M2JjN2M0YzAiOnsiY3JlYXRlIjoxODAwMDAwMDAwMDAsImRlbGV0ZSI6MTgwMDAwMDAwMDAwLCJ1cGRhdGUiOjE4MDAwMDAwMDAwMH19",
          "dependencies": [
            "yandex_vpc_network.network-diplom"
          ]
        }
      ]
    },
    {
      "mode": "managed",
      "type": "yandex_vpc_security_group",
      "name": "kibana-sg",
      "provider": "provider[\"registry.terraform.io/yandex-cloud/yandex\"]",
      "instances": [
        {
          "schema_version": 0,
          "attributes": {
            "created_at": "2024-02-05T06:32:53Z",
            "description": "",
            "egress": [
              {
                "description": "",
                "from_port": -1,
                "id": "enp3s7rfrqoi8j8dirsb",
                "labels": {},
                "port": 10050,
                "predefined_target": "",
                "protocol": "ANY",
                "security_group_id": "",
                "to_port": -1,
                "v4_cidr_blocks": [
                  "0.0.0.0/0"
                ],
                "v6_cidr_blocks": []
              },
              {
                "description": "",
                "from_port": -1,
                "id": "enpe0t8kd9i4kbr1s8se",
                "labels": {},
                "port": 5601,
                "predefined_target": "",
                "protocol": "TCP",
                "security_group_id": "",
                "to_port": -1,
                "v4_cidr_blocks": [
                  "0.0.0.0/0"
                ],
                "v6_cidr_blocks": []
              }
            ],
            "folder_id": "b1gss7e1koufa785niis",
            "id": "enpt5kckegt7plqaosqa",
            "ingress": [
              {
                "description": "",
                "from_port": -1,
                "id": "enp46gve3cir72k6su20",
                "labels": {},
                "port": 5601,
                "predefined_target": "",
                "protocol": "TCP",
                "security_group_id": "",
                "to_port": -1,
                "v4_cidr_blocks": [
                  "0.0.0.0/0"
                ],
                "v6_cidr_blocks": []
              },
              {
                "description": "",
                "from_port": -1,
                "id": "enpts77a25683f8cvcb7",
                "labels": {},
                "port": 10050,
                "predefined_target": "",
                "protocol": "ANY",
                "security_group_id": "",
                "to_port": -1,
                "v4_cidr_blocks": [
                  "0.0.0.0/0"
                ],
                "v6_cidr_blocks": []
              }
            ],
            "labels": {},
            "name": "kibana-sg",
            "network_id": "enpl6punjq1pengjspfd",
            "status": "ACTIVE",
            "timeouts": null
          },
          "sensitive_attributes": [],
          "private": "eyJlMmJmYjczMC1lY2FhLTExZTYtOGY4OC0zNDM2M2JjN2M0YzAiOnsiY3JlYXRlIjoxODAwMDAwMDAwMDAsImRlbGV0ZSI6MTgwMDAwMDAwMDAwLCJ1cGRhdGUiOjE4MDAwMDAwMDAwMH19",
          "dependencies": [
            "yandex_vpc_network.network-diplom"
          ]
        }
      ]
    },
    {
      "mode": "managed",
      "type": "yandex_vpc_security_group",
      "name": "nginx-sg",
      "provider": "provider[\"registry.terraform.io/yandex-cloud/yandex\"]",
      "instances": [
        {
          "schema_version": 0,
          "attributes": {
            "created_at": "2024-02-05T06:32:48Z",
            "description": "",
            "egress": [
              {
                "description": "",
                "from_port": -1,
                "id": "enp8o35murl6tuddnmdt",
                "labels": {},
                "port": 80,
                "predefined_target": "",
                "protocol": "ANY",
                "security_group_id": "",
                "to_port": -1,
                "v4_cidr_blocks": [
                  "0.0.0.0/0"
                ],
                "v6_cidr_blocks": []
              },
              {
                "description": "",
                "from_port": -1,
                "id": "enpsblhcubcicfcr3b89",
                "labels": {},
                "port": 10050,
                "predefined_target": "",
                "protocol": "ANY",
                "security_group_id": "",
                "to_port": -1,
                "v4_cidr_blocks": [
                  "0.0.0.0/0"
                ],
                "v6_cidr_blocks": []
              }
            ],
            "folder_id": "b1gss7e1koufa785niis",
            "id": "enpn5iqourohdbs7e4u9",
            "ingress": [
              {
                "description": "",
                "from_port": -1,
                "id": "enp9t2kp663o7een4gaf",
                "labels": {},
                "port": 10050,
                "predefined_target": "",
                "protocol": "ANY",
                "security_group_id": "",
                "to_port": -1,
                "v4_cidr_blocks": [
                  "0.0.0.0/0"
                ],
                "v6_cidr_blocks": []
              },
              {
                "description": "",
                "from_port": -1,
                "id": "enpva6h8sbufslk3nasd",
                "labels": {},
                "port": 80,
                "predefined_target": "",
                "protocol": "ANY",
                "security_group_id": "",
                "to_port": -1,
                "v4_cidr_blocks": [
                  "0.0.0.0/0"
                ],
                "v6_cidr_blocks": []
              }
            ],
            "labels": {},
            "name": "nginx-sg",
            "network_id": "enpl6punjq1pengjspfd",
            "status": "ACTIVE",
            "timeouts": null
          },
          "sensitive_attributes": [],
          "private": "eyJlMmJmYjczMC1lY2FhLTExZTYtOGY4OC0zNDM2M2JjN2M0YzAiOnsiY3JlYXRlIjoxODAwMDAwMDAwMDAsImRlbGV0ZSI6MTgwMDAwMDAwMDAwLCJ1cGRhdGUiOjE4MDAwMDAwMDAwMH19",
          "dependencies": [
            "yandex_vpc_network.network-diplom"
          ]
        }
      ]
    },
    {
      "mode": "managed",
      "type": "yandex_vpc_security_group",
      "name": "ssh-access",
      "provider": "provider[\"registry.terraform.io/yandex-cloud/yandex\"]",
      "instances": [
        {
          "schema_version": 0,
          "attributes": {
            "created_at": "2024-02-05T06:33:01Z",
            "description": "",
            "egress": [
              {
                "description": "",
                "from_port": -1,
                "id": "enp0t6a2c31q8ah5rpl9",
                "labels": {},
                "port": 22,
                "predefined_target": "",
                "protocol": "TCP",
                "security_group_id": "enpn6lgrcplgi4qmt2dd",
                "to_port": -1,
                "v4_cidr_blocks": [],
                "v6_cidr_blocks": []
              },
              {
                "description": "",
                "from_port": 0,
                "id": "enpopj00402grdqh5pf1",
                "labels": {},
                "port": -1,
                "predefined_target": "",
                "protocol": "ANY",
                "security_group_id": "",
                "to_port": 65535,
                "v4_cidr_blocks": [
                  "0.0.0.0/0"
                ],
                "v6_cidr_blocks": []
              }
            ],
            "folder_id": "b1gss7e1koufa785niis",
            "id": "enpb1dh8io3abcdofi1l",
            "ingress": [
              {
                "description": "",
                "from_port": -1,
                "id": "enpknpimh7s4caop33ok",
                "labels": {},
                "port": 22,
                "predefined_target": "",
                "protocol": "TCP",
                "security_group_id": "enpn6lgrcplgi4qmt2dd",
                "to_port": -1,
                "v4_cidr_blocks": [],
                "v6_cidr_blocks": []
              },
              {
                "description": "",
                "from_port": -1,
                "id": "enpp7s7iflion3dl2v67",
                "labels": {},
                "port": 22,
                "predefined_target": "",
                "protocol": "TCP",
                "security_group_id": "",
                "to_port": -1,
                "v4_cidr_blocks": [
                  "0.0.0.0/0"
                ],
                "v6_cidr_blocks": []
              }
            ],
            "labels": {},
            "name": "ssh-access",
            "network_id": "enpl6punjq1pengjspfd",
            "status": "ACTIVE",
            "timeouts": null
          },
          "sensitive_attributes": [],
          "private": "eyJlMmJmYjczMC1lY2FhLTExZTYtOGY4OC0zNDM2M2JjN2M0YzAiOnsiY3JlYXRlIjoxODAwMDAwMDAwMDAsImRlbGV0ZSI6MTgwMDAwMDAwMDAwLCJ1cGRhdGUiOjE4MDAwMDAwMDAwMH19",
          "dependencies": [
            "yandex_vpc_network.network-diplom",
            "yandex_vpc_security_group.ssh-access-local"
          ]
        }
      ]
    },
    {
      "mode": "managed",
      "type": "yandex_vpc_security_group",
      "name": "ssh-access-local",
      "provider": "provider[\"registry.terraform.io/yandex-cloud/yandex\"]",
      "instances": [
        {
          "schema_version": 0,
          "attributes": {
            "created_at": "2024-02-05T06:32:51Z",
            "description": "",
            "egress": [
              {
                "description": "",
                "from_port": -1,
                "id": "enpflf1k2u8mcauufd9l",
                "labels": {},
                "port": 22,
                "predefined_target": "",
                "protocol": "TCP",
                "security_group_id": "",
                "to_port": -1,
                "v4_cidr_blocks": [
                  "10.1.1.0/24",
                  "10.2.1.0/24",
                  "10.3.1.0/24",
                  "10.4.1.0/24"
                ],
                "v6_cidr_blocks": []
              },
              {
                "description": "",
                "from_port": 0,
                "id": "enplb400parfpfvc5f14",
                "labels": {},
                "port": -1,
                "predefined_target": "",
                "protocol": "ANY",
                "security_group_id": "",
                "to_port": 65535,
                "v4_cidr_blocks": [
                  "0.0.0.0/0"
                ],
                "v6_cidr_blocks": []
              }
            ],
            "folder_id": "b1gss7e1koufa785niis",
            "id": "enpn6lgrcplgi4qmt2dd",
            "ingress": [
              {
                "description": "",
                "from_port": -1,
                "id": "enptbihl3otlslo1celh",
                "labels": {},
                "port": 22,
                "predefined_target": "",
                "protocol": "TCP",
                "security_group_id": "",
                "to_port": -1,
                "v4_cidr_blocks": [
                  "10.1.1.0/24",
                  "10.2.1.0/24",
                  "10.3.1.0/24",
                  "10.4.1.0/24"
                ],
                "v6_cidr_blocks": []
              }
            ],
            "labels": {},
            "name": "ssh-access-local",
            "network_id": "enpl6punjq1pengjspfd",
            "status": "ACTIVE",
            "timeouts": null
          },
          "sensitive_attributes": [],
          "private": "eyJlMmJmYjczMC1lY2FhLTExZTYtOGY4OC0zNDM2M2JjN2M0YzAiOnsiY3JlYXRlIjoxODAwMDAwMDAwMDAsImRlbGV0ZSI6MTgwMDAwMDAwMDAwLCJ1cGRhdGUiOjE4MDAwMDAwMDAwMH19",
          "dependencies": [
            "yandex_vpc_network.network-diplom"
          ]
        }
      ]
    },
    {
      "mode": "managed",
      "type": "yandex_vpc_security_group",
      "name": "zabbix-sg",
      "provider": "provider[\"registry.terraform.io/yandex-cloud/yandex\"]",
      "instances": [
        {
          "schema_version": 0,
          "attributes": {
            "created_at": "2024-02-05T06:32:59Z",
            "description": "",
            "egress": [
              {
                "description": "",
                "from_port": -1,
                "id": "enpfgepnncllstlp0uaj",
                "labels": {},
                "port": 8080,
                "predefined_target": "",
                "protocol": "TCP",
                "security_group_id": "",
                "to_port": -1,
                "v4_cidr_blocks": [
                  "0.0.0.0/0"
                ],
                "v6_cidr_blocks": []
              },
              {
                "description": "",
                "from_port": -1,
                "id": "enplpje8gv9e6g7k0cqv",
                "labels": {},
                "port": 10050,
                "predefined_target": "",
                "protocol": "TCP",
                "security_group_id": "",
                "to_port": -1,
                "v4_cidr_blocks": [
                  "10.1.1.0/24",
                  "10.2.1.0/24",
                  "10.3.1.0/24",
                  "10.4.1.0/24"
                ],
                "v6_cidr_blocks": []
              },
              {
                "description": "",
                "from_port": -1,
                "id": "enptssk3i1pnq0t8hnfs",
                "labels": {},
                "port": 10051,
                "predefined_target": "",
                "protocol": "TCP",
                "security_group_id": "",
                "to_port": -1,
                "v4_cidr_blocks": [
                  "10.1.1.0/24",
                  "10.2.1.0/24",
                  "10.3.1.0/24",
                  "10.4.1.0/24"
                ],
                "v6_cidr_blocks": []
              }
            ],
            "folder_id": "b1gss7e1koufa785niis",
            "id": "enpp3q7mne5r73m46j1a",
            "ingress": [
              {
                "description": "",
                "from_port": -1,
                "id": "enpc4g7hcnqii5dj7526",
                "labels": {},
                "port": 10051,
                "predefined_target": "",
                "protocol": "TCP",
                "security_group_id": "",
                "to_port": -1,
                "v4_cidr_blocks": [
                  "10.1.1.0/24",
                  "10.2.1.0/24",
                  "10.3.1.0/24",
                  "10.4.1.0/24"
                ],
                "v6_cidr_blocks": []
              },
              {
                "description": "",
                "from_port": -1,
                "id": "enpddn29pqs4jkmbad4i",
                "labels": {},
                "port": 10050,
                "predefined_target": "",
                "protocol": "TCP",
                "security_group_id": "",
                "to_port": -1,
                "v4_cidr_blocks": [
                  "10.1.1.0/24",
                  "10.2.1.0/24",
                  "10.3.1.0/24",
                  "10.4.1.0/24"
                ],
                "v6_cidr_blocks": []
              },
              {
                "description": "",
                "from_port": -1,
                "id": "enptqd210tmtv3cuah1b",
                "labels": {},
                "port": 8080,
                "predefined_target": "",
                "protocol": "TCP",
                "security_group_id": "",
                "to_port": -1,
                "v4_cidr_blocks": [
                  "0.0.0.0/0"
                ],
                "v6_cidr_blocks": []
              }
            ],
            "labels": {},
            "name": "zabbix-sg",
            "network_id": "enpl6punjq1pengjspfd",
            "status": "ACTIVE",
            "timeouts": null
          },
          "sensitive_attributes": [],
          "private": "eyJlMmJmYjczMC1lY2FhLTExZTYtOGY4OC0zNDM2M2JjN2M0YzAiOnsiY3JlYXRlIjoxODAwMDAwMDAwMDAsImRlbGV0ZSI6MTgwMDAwMDAwMDAwLCJ1cGRhdGUiOjE4MDAwMDAwMDAwMH19",
          "dependencies": [
            "yandex_vpc_network.network-diplom"
          ]
        }
      ]
    },
    {
      "mode": "managed",
      "type": "yandex_vpc_subnet",
      "name": "private-1",
      "provider": "provider[\"registry.terraform.io/yandex-cloud/yandex\"]",
      "instances": [
        {
          "schema_version": 0,
          "attributes": {
            "created_at": "2024-02-05T06:32:48Z",
            "description": "subnet-1",
            "dhcp_options": [],
            "folder_id": "b1gss7e1koufa785niis",
            "id": "e9bhdtkd2akmh35b87hn",
            "labels": {},
            "name": "private-1",
            "network_id": "enpl6punjq1pengjspfd",
            "route_table_id": "enpmcsmloll1g8f2g7lf",
            "timeouts": null,
            "v4_cidr_blocks": [
              "10.1.1.0/24"
            ],
            "v6_cidr_blocks": [],
            "zone": "ru-central1-a"
          },
          "sensitive_attributes": [],
          "private": "eyJlMmJmYjczMC1lY2FhLTExZTYtOGY4OC0zNDM2M2JjN2M0YzAiOnsiY3JlYXRlIjoxODAwMDAwMDAwMDAsImRlbGV0ZSI6MTgwMDAwMDAwMDAwLCJ1cGRhdGUiOjE4MDAwMDAwMDAwMH19",
          "dependencies": [
            "yandex_vpc_gateway.nat_gateway",
            "yandex_vpc_network.network-diplom",
            "yandex_vpc_route_table.route_table"
          ]
        }
      ]
    },
    {
      "mode": "managed",
      "type": "yandex_vpc_subnet",
      "name": "private-2",
      "provider": "provider[\"registry.terraform.io/yandex-cloud/yandex\"]",
      "instances": [
        {
          "schema_version": 0,
          "attributes": {
            "created_at": "2024-02-05T06:32:48Z",
            "description": "subnet-2",
            "dhcp_options": [],
            "folder_id": "b1gss7e1koufa785niis",
            "id": "e2lr1vvm5332kv77vkjl",
            "labels": {},
            "name": "private-2",
            "network_id": "enpl6punjq1pengjspfd",
            "route_table_id": "enpmcsmloll1g8f2g7lf",
            "timeouts": null,
            "v4_cidr_blocks": [
              "10.2.1.0/24"
            ],
            "v6_cidr_blocks": [],
            "zone": "ru-central1-b"
          },
          "sensitive_attributes": [],
          "private": "eyJlMmJmYjczMC1lY2FhLTExZTYtOGY4OC0zNDM2M2JjN2M0YzAiOnsiY3JlYXRlIjoxODAwMDAwMDAwMDAsImRlbGV0ZSI6MTgwMDAwMDAwMDAwLCJ1cGRhdGUiOjE4MDAwMDAwMDAwMH19",
          "dependencies": [
            "yandex_vpc_gateway.nat_gateway",
            "yandex_vpc_network.network-diplom",
            "yandex_vpc_route_table.route_table"
          ]
        }
      ]
    },
    {
      "mode": "managed",
      "type": "yandex_vpc_subnet",
      "name": "private-3",
      "provider": "provider[\"registry.terraform.io/yandex-cloud/yandex\"]",
      "instances": [
        {
          "schema_version": 0,
          "attributes": {
            "created_at": "2024-02-05T06:32:49Z",
            "description": "subnet services",
            "dhcp_options": [],
            "folder_id": "b1gss7e1koufa785niis",
            "id": "b0cohbng7kc1rv1ile3l",
            "labels": {},
            "name": "private-3",
            "network_id": "enpl6punjq1pengjspfd",
            "route_table_id": "enpmcsmloll1g8f2g7lf",
            "timeouts": null,
            "v4_cidr_blocks": [
              "10.3.1.0/24"
            ],
            "v6_cidr_blocks": [],
            "zone": "ru-central1-c"
          },
          "sensitive_attributes": [],
          "private": "eyJlMmJmYjczMC1lY2FhLTExZTYtOGY4OC0zNDM2M2JjN2M0YzAiOnsiY3JlYXRlIjoxODAwMDAwMDAwMDAsImRlbGV0ZSI6MTgwMDAwMDAwMDAwLCJ1cGRhdGUiOjE4MDAwMDAwMDAwMH19",
          "dependencies": [
            "yandex_vpc_gateway.nat_gateway",
            "yandex_vpc_network.network-diplom",
            "yandex_vpc_route_table.route_table"
          ]
        }
      ]
    },
    {
      "mode": "managed",
      "type": "yandex_vpc_subnet",
      "name": "public-subnet",
      "provider": "provider[\"registry.terraform.io/yandex-cloud/yandex\"]",
      "instances": [
        {
          "schema_version": 0,
          "attributes": {
            "created_at": "2024-02-05T06:32:47Z",
            "description": "subnet bastion",
            "dhcp_options": [],
            "folder_id": "b1gss7e1koufa785niis",
            "id": "b0c1bpllidivr3onchmt",
            "labels": {},
            "name": "public-subnet",
            "network_id": "enpl6punjq1pengjspfd",
            "route_table_id": "",
            "timeouts": null,
            "v4_cidr_blocks": [
              "10.4.1.0/24"
            ],
            "v6_cidr_blocks": [],
            "zone": "ru-central1-c"
          },
          "sensitive_attributes": [],
          "private": "eyJlMmJmYjczMC1lY2FhLTExZTYtOGY4OC0zNDM2M2JjN2M0YzAiOnsiY3JlYXRlIjoxODAwMDAwMDAwMDAsImRlbGV0ZSI6MTgwMDAwMDAwMDAwLCJ1cGRhdGUiOjE4MDAwMDAwMDAwMH19",
          "dependencies": [
            "yandex_vpc_network.network-diplom"
          ]
        }
      ]
    }
  ],
  "check_results": null
}
